// !$*UTF8*$!
{
	archiveVersion = 1;
	classes = {
	};
	objectVersion = 56;
	objects = {

/* Begin PBXBuildFile section */
		44C6FF8ABC19B428FBE0B71F /* Pods_ShopHereTests.framework in Frameworks */ = {isa = PBXBuildFile; fileRef = E8AFF4AC900D2F0FDD9978DD /* Pods_ShopHereTests.framework */; };
		AA5B444C78277C4E3734D736 /* Pods_ShopHere.framework in Frameworks */ = {isa = PBXBuildFile; fileRef = AB32494621318EEC41BBEB11 /* Pods_ShopHere.framework */; };
		B696C2922D04B5110065E82D /* ShopHereApp.swift in Sources */ = {isa = PBXBuildFile; fileRef = B696C2912D04B5110065E82D /* ShopHereApp.swift */; };
		B696C2942D04B5110065E82D /* ProductView.swift in Sources */ = {isa = PBXBuildFile; fileRef = B696C2932D04B5110065E82D /* ProductView.swift */; };
		B696C2962D04B5170065E82D /* Assets.xcassets in Resources */ = {isa = PBXBuildFile; fileRef = B696C2952D04B5170065E82D /* Assets.xcassets */; };
		B696C2992D04B5170065E82D /* Preview Assets.xcassets in Resources */ = {isa = PBXBuildFile; fileRef = B696C2982D04B5170065E82D /* Preview Assets.xcassets */; };
		B696C2A32D04B5180065E82D /* ShopHereTests.swift in Sources */ = {isa = PBXBuildFile; fileRef = B696C2A22D04B5180065E82D /* ShopHereTests.swift */; };
		B696C2AD2D04B5180065E82D /* ShopHereUITests.swift in Sources */ = {isa = PBXBuildFile; fileRef = B696C2AC2D04B5180065E82D /* ShopHereUITests.swift */; };
		B696C2AF2D04B5180065E82D /* ShopHereUITestsLaunchTests.swift in Sources */ = {isa = PBXBuildFile; fileRef = B696C2AE2D04B5180065E82D /* ShopHereUITestsLaunchTests.swift */; };
		B6DC65032D04D1BE00D2FFB4 /* AppAssembly.swift in Sources */ = {isa = PBXBuildFile; fileRef = B6DC65022D04D1BE00D2FFB4 /* AppAssembly.swift */; };
		B6DC65052D04D20E00D2FFB4 /* Product.swift in Sources */ = {isa = PBXBuildFile; fileRef = B6DC65042D04D20E00D2FFB4 /* Product.swift */; };
		B6DC65072D04D24400D2FFB4 /* ApiService.swift in Sources */ = {isa = PBXBuildFile; fileRef = B6DC65062D04D24400D2FFB4 /* ApiService.swift */; };
		B6DC65092D04D2AE00D2FFB4 /* ProductsListViewModel.swift in Sources */ = {isa = PBXBuildFile; fileRef = B6DC65082D04D2AE00D2FFB4 /* ProductsListViewModel.swift */; };
		B6DC650B2D04D33100D2FFB4 /* ProductListView.swift in Sources */ = {isa = PBXBuildFile; fileRef = B6DC650A2D04D33100D2FFB4 /* ProductListView.swift */; };
		B6DC650D2D04D39C00D2FFB4 /* SearchBarView.swift in Sources */ = {isa = PBXBuildFile; fileRef = B6DC650C2D04D39C00D2FFB4 /* SearchBarView.swift */; };
		B6DC650F2D04D3E200D2FFB4 /* ProductDetailView.swift in Sources */ = {isa = PBXBuildFile; fileRef = B6DC650E2D04D3E200D2FFB4 /* ProductDetailView.swift */; };
		FD2EBEA8B970B62FB70E16B6 /* Pods_ShopHere_ShopHereUITests.framework in Frameworks */ = {isa = PBXBuildFile; fileRef = 76F8F928E05BA9EBD33A7846 /* Pods_ShopHere_ShopHereUITests.framework */; };
/* End PBXBuildFile section */

/* Begin PBXContainerItemProxy section */
		B696C29F2D04B5170065E82D /* PBXContainerItemProxy */ = {
			isa = PBXContainerItemProxy;
			containerPortal = B696C2862D04B5110065E82D /* Project object */;
			proxyType = 1;
			remoteGlobalIDString = B696C28D2D04B5110065E82D;
			remoteInfo = ShopHere;
		};
		B696C2A92D04B5180065E82D /* PBXContainerItemProxy */ = {
			isa = PBXContainerItemProxy;
			containerPortal = B696C2862D04B5110065E82D /* Project object */;
			proxyType = 1;
			remoteGlobalIDString = B696C28D2D04B5110065E82D;
			remoteInfo = ShopHere;
		};
/* End PBXContainerItemProxy section */

/* Begin PBXFileReference section */
		004F3CA70C246B196657FD12 /* Pods-ShopHereTests.debug.xcconfig */ = {isa = PBXFileReference; includeInIndex = 1; lastKnownFileType = text.xcconfig; name = "Pods-ShopHereTests.debug.xcconfig"; path = "Target Support Files/Pods-ShopHereTests/Pods-ShopHereTests.debug.xcconfig"; sourceTree = "<group>"; };
		1E097BBD32364D58DFE1ADA4 /* Pods-ShopHereTests.release.xcconfig */ = {isa = PBXFileReference; includeInIndex = 1; lastKnownFileType = text.xcconfig; name = "Pods-ShopHereTests.release.xcconfig"; path = "Target Support Files/Pods-ShopHereTests/Pods-ShopHereTests.release.xcconfig"; sourceTree = "<group>"; };
		339608E8B73C6A93B859F15E /* Pods-ShopHere-ShopHereUITests.release.xcconfig */ = {isa = PBXFileReference; includeInIndex = 1; lastKnownFileType = text.xcconfig; name = "Pods-ShopHere-ShopHereUITests.release.xcconfig"; path = "Target Support Files/Pods-ShopHere-ShopHereUITests/Pods-ShopHere-ShopHereUITests.release.xcconfig"; sourceTree = "<group>"; };
		62CB0A38C2D7133D42CAFD10 /* Pods-ShopHere.debug.xcconfig */ = {isa = PBXFileReference; includeInIndex = 1; lastKnownFileType = text.xcconfig; name = "Pods-ShopHere.debug.xcconfig"; path = "Target Support Files/Pods-ShopHere/Pods-ShopHere.debug.xcconfig"; sourceTree = "<group>"; };
		76F8F928E05BA9EBD33A7846 /* Pods_ShopHere_ShopHereUITests.framework */ = {isa = PBXFileReference; explicitFileType = wrapper.framework; includeInIndex = 0; path = Pods_ShopHere_ShopHereUITests.framework; sourceTree = BUILT_PRODUCTS_DIR; };
		AB32494621318EEC41BBEB11 /* Pods_ShopHere.framework */ = {isa = PBXFileReference; explicitFileType = wrapper.framework; includeInIndex = 0; path = Pods_ShopHere.framework; sourceTree = BUILT_PRODUCTS_DIR; };
		ADA13DDC6CCB026FCC5FE79C /* Pods-ShopHere.release.xcconfig */ = {isa = PBXFileReference; includeInIndex = 1; lastKnownFileType = text.xcconfig; name = "Pods-ShopHere.release.xcconfig"; path = "Target Support Files/Pods-ShopHere/Pods-ShopHere.release.xcconfig"; sourceTree = "<group>"; };
		B696C28E2D04B5110065E82D /* ShopHere.app */ = {isa = PBXFileReference; explicitFileType = wrapper.application; includeInIndex = 0; path = ShopHere.app; sourceTree = BUILT_PRODUCTS_DIR; };
		B696C2912D04B5110065E82D /* ShopHereApp.swift */ = {isa = PBXFileReference; lastKnownFileType = sourcecode.swift; path = ShopHereApp.swift; sourceTree = "<group>"; };
		B696C2932D04B5110065E82D /* ProductView.swift */ = {isa = PBXFileReference; lastKnownFileType = sourcecode.swift; path = ProductView.swift; sourceTree = "<group>"; };
		B696C2952D04B5170065E82D /* Assets.xcassets */ = {isa = PBXFileReference; lastKnownFileType = folder.assetcatalog; path = Assets.xcassets; sourceTree = "<group>"; };
		B696C2982D04B5170065E82D /* Preview Assets.xcassets */ = {isa = PBXFileReference; lastKnownFileType = folder.assetcatalog; path = "Preview Assets.xcassets"; sourceTree = "<group>"; };
		B696C29E2D04B5170065E82D /* ShopHereTests.xctest */ = {isa = PBXFileReference; explicitFileType = wrapper.cfbundle; includeInIndex = 0; path = ShopHereTests.xctest; sourceTree = BUILT_PRODUCTS_DIR; };
		B696C2A22D04B5180065E82D /* ShopHereTests.swift */ = {isa = PBXFileReference; lastKnownFileType = sourcecode.swift; path = ShopHereTests.swift; sourceTree = "<group>"; };
		B696C2A82D04B5180065E82D /* ShopHereUITests.xctest */ = {isa = PBXFileReference; explicitFileType = wrapper.cfbundle; includeInIndex = 0; path = ShopHereUITests.xctest; sourceTree = BUILT_PRODUCTS_DIR; };
		B696C2AC2D04B5180065E82D /* ShopHereUITests.swift */ = {isa = PBXFileReference; lastKnownFileType = sourcecode.swift; path = ShopHereUITests.swift; sourceTree = "<group>"; };
		B696C2AE2D04B5180065E82D /* ShopHereUITestsLaunchTests.swift */ = {isa = PBXFileReference; lastKnownFileType = sourcecode.swift; path = ShopHereUITestsLaunchTests.swift; sourceTree = "<group>"; };
		B6DC65022D04D1BE00D2FFB4 /* AppAssembly.swift */ = {isa = PBXFileReference; lastKnownFileType = sourcecode.swift; path = AppAssembly.swift; sourceTree = "<group>"; };
		B6DC65042D04D20E00D2FFB4 /* Product.swift */ = {isa = PBXFileReference; lastKnownFileType = sourcecode.swift; path = Product.swift; sourceTree = "<group>"; };
		B6DC65062D04D24400D2FFB4 /* ApiService.swift */ = {isa = PBXFileReference; lastKnownFileType = sourcecode.swift; path = ApiService.swift; sourceTree = "<group>"; };
		B6DC65082D04D2AE00D2FFB4 /* ProductsListViewModel.swift */ = {isa = PBXFileReference; lastKnownFileType = sourcecode.swift; path = ProductsListViewModel.swift; sourceTree = "<group>"; };
		B6DC650A2D04D33100D2FFB4 /* ProductListView.swift */ = {isa = PBXFileReference; lastKnownFileType = sourcecode.swift; path = ProductListView.swift; sourceTree = "<group>"; };
		B6DC650C2D04D39C00D2FFB4 /* SearchBarView.swift */ = {isa = PBXFileReference; lastKnownFileType = sourcecode.swift; path = SearchBarView.swift; sourceTree = "<group>"; };
		B6DC650E2D04D3E200D2FFB4 /* ProductDetailView.swift */ = {isa = PBXFileReference; lastKnownFileType = sourcecode.swift; path = ProductDetailView.swift; sourceTree = "<group>"; };
		B6DC65102D04E5A400D2FFB4 /* Pods */ = {isa = PBXFileReference; lastKnownFileType = folder; path = Pods; sourceTree = "<group>"; };
		B6DC65122D04E61600D2FFB4 /* Sources */ = {isa = PBXFileReference; lastKnownFileType = folder; name = Sources; path = Pods/Swinject/Sources; sourceTree = "<group>"; };
		C58112A37ABD7EE38F0D18AF /* Pods-ShopHere-ShopHereUITests.debug.xcconfig */ = {isa = PBXFileReference; includeInIndex = 1; lastKnownFileType = text.xcconfig; name = "Pods-ShopHere-ShopHereUITests.debug.xcconfig"; path = "Target Support Files/Pods-ShopHere-ShopHereUITests/Pods-ShopHere-ShopHereUITests.debug.xcconfig"; sourceTree = "<group>"; };
		E8AFF4AC900D2F0FDD9978DD /* Pods_ShopHereTests.framework */ = {isa = PBXFileReference; explicitFileType = wrapper.framework; includeInIndex = 0; path = Pods_ShopHereTests.framework; sourceTree = BUILT_PRODUCTS_DIR; };
/* End PBXFileReference section */

/* Begin PBXFrameworksBuildPhase section */
		B696C28B2D04B5110065E82D /* Frameworks */ = {
			isa = PBXFrameworksBuildPhase;
			buildActionMask = 2147483647;
			files = (
				AA5B444C78277C4E3734D736 /* Pods_ShopHere.framework in Frameworks */,
			);
			runOnlyForDeploymentPostprocessing = 0;
		};
		B696C29B2D04B5170065E82D /* Frameworks */ = {
			isa = PBXFrameworksBuildPhase;
			buildActionMask = 2147483647;
			files = (
				44C6FF8ABC19B428FBE0B71F /* Pods_ShopHereTests.framework in Frameworks */,
			);
			runOnlyForDeploymentPostprocessing = 0;
		};
		B696C2A52D04B5180065E82D /* Frameworks */ = {
			isa = PBXFrameworksBuildPhase;
			buildActionMask = 2147483647;
			files = (
				FD2EBEA8B970B62FB70E16B6 /* Pods_ShopHere_ShopHereUITests.framework in Frameworks */,
			);
			runOnlyForDeploymentPostprocessing = 0;
		};
/* End PBXFrameworksBuildPhase section */

/* Begin PBXGroup section */
		31F0FF0EAA200C49C700B6CD /* Frameworks */ = {
			isa = PBXGroup;
			children = (
				AB32494621318EEC41BBEB11 /* Pods_ShopHere.framework */,
				76F8F928E05BA9EBD33A7846 /* Pods_ShopHere_ShopHereUITests.framework */,
				E8AFF4AC900D2F0FDD9978DD /* Pods_ShopHereTests.framework */,
			);
			name = Frameworks;
			sourceTree = "<group>";
		};
		7A01F3DF5557FB18401BFEED /* Pods */ = {
			isa = PBXGroup;
			children = (
				62CB0A38C2D7133D42CAFD10 /* Pods-ShopHere.debug.xcconfig */,
				ADA13DDC6CCB026FCC5FE79C /* Pods-ShopHere.release.xcconfig */,
				C58112A37ABD7EE38F0D18AF /* Pods-ShopHere-ShopHereUITests.debug.xcconfig */,
				339608E8B73C6A93B859F15E /* Pods-ShopHere-ShopHereUITests.release.xcconfig */,
				004F3CA70C246B196657FD12 /* Pods-ShopHereTests.debug.xcconfig */,
				1E097BBD32364D58DFE1ADA4 /* Pods-ShopHereTests.release.xcconfig */,
			);
			path = Pods;
			sourceTree = "<group>";
		};
		B696C2852D04B5110065E82D = {
			isa = PBXGroup;
			children = (
				B6DC65122D04E61600D2FFB4 /* Sources */,
				B6DC65102D04E5A400D2FFB4 /* Pods */,
				B696C2902D04B5110065E82D /* ShopHere */,
				B696C2A12D04B5170065E82D /* ShopHereTests */,
				B696C2AB2D04B5180065E82D /* ShopHereUITests */,
				B696C28F2D04B5110065E82D /* Products */,
				7A01F3DF5557FB18401BFEED /* Pods */,
				31F0FF0EAA200C49C700B6CD /* Frameworks */,
			);
			sourceTree = "<group>";
		};
		B696C28F2D04B5110065E82D /* Products */ = {
			isa = PBXGroup;
			children = (
				B696C28E2D04B5110065E82D /* ShopHere.app */,
				B696C29E2D04B5170065E82D /* ShopHereTests.xctest */,
				B696C2A82D04B5180065E82D /* ShopHereUITests.xctest */,
			);
			name = Products;
			sourceTree = "<group>";
		};
		B696C2902D04B5110065E82D /* ShopHere */ = {
			isa = PBXGroup;
			children = (
				B696C2912D04B5110065E82D /* ShopHereApp.swift */,
				B696C2932D04B5110065E82D /* ProductView.swift */,
				B696C2952D04B5170065E82D /* Assets.xcassets */,
				B696C2972D04B5170065E82D /* Preview Content */,
				B6DC65022D04D1BE00D2FFB4 /* AppAssembly.swift */,
				B6DC65042D04D20E00D2FFB4 /* Product.swift */,
				B6DC65062D04D24400D2FFB4 /* ApiService.swift */,
				B6DC65082D04D2AE00D2FFB4 /* ProductsListViewModel.swift */,
				B6DC650A2D04D33100D2FFB4 /* ProductListView.swift */,
				B6DC650C2D04D39C00D2FFB4 /* SearchBarView.swift */,
				B6DC650E2D04D3E200D2FFB4 /* ProductDetailView.swift */,
			);
			path = ShopHere;
			sourceTree = "<group>";
		};
		B696C2972D04B5170065E82D /* Preview Content */ = {
			isa = PBXGroup;
			children = (
				B696C2982D04B5170065E82D /* Preview Assets.xcassets */,
			);
			path = "Preview Content";
			sourceTree = "<group>";
		};
		B696C2A12D04B5170065E82D /* ShopHereTests */ = {
			isa = PBXGroup;
			children = (
				B696C2A22D04B5180065E82D /* ShopHereTests.swift */,
			);
			path = ShopHereTests;
			sourceTree = "<group>";
		};
		B696C2AB2D04B5180065E82D /* ShopHereUITests */ = {
			isa = PBXGroup;
			children = (
				B696C2AC2D04B5180065E82D /* ShopHereUITests.swift */,
				B696C2AE2D04B5180065E82D /* ShopHereUITestsLaunchTests.swift */,
			);
			path = ShopHereUITests;
			sourceTree = "<group>";
		};
/* End PBXGroup section */

/* Begin PBXNativeTarget section */
		B696C28D2D04B5110065E82D /* ShopHere */ = {
			isa = PBXNativeTarget;
			buildConfigurationList = B696C2B22D04B5180065E82D /* Build configuration list for PBXNativeTarget "ShopHere" */;
			buildPhases = (
				60E2A9D9FBBE82827ED7B269 /* [CP] Check Pods Manifest.lock */,
				B696C28A2D04B5110065E82D /* Sources */,
				B696C28B2D04B5110065E82D /* Frameworks */,
				B696C28C2D04B5110065E82D /* Resources */,
				D83F69F1A9F25648CDBAB4F8 /* [CP] Embed Pods Frameworks */,
			);
			buildRules = (
			);
			dependencies = (
			);
			name = ShopHere;
			productName = ShopHere;
			productReference = B696C28E2D04B5110065E82D /* ShopHere.app */;
			productType = "com.apple.product-type.application";
		};
		B696C29D2D04B5170065E82D /* ShopHereTests */ = {
			isa = PBXNativeTarget;
			buildConfigurationList = B696C2B52D04B5180065E82D /* Build configuration list for PBXNativeTarget "ShopHereTests" */;
			buildPhases = (
				A25227B6CEDE1CC3195F8826 /* [CP] Check Pods Manifest.lock */,
				B696C29A2D04B5170065E82D /* Sources */,
				B696C29B2D04B5170065E82D /* Frameworks */,
				B696C29C2D04B5170065E82D /* Resources */,
			);
			buildRules = (
			);
			dependencies = (
				B696C2A02D04B5170065E82D /* PBXTargetDependency */,
			);
			name = ShopHereTests;
			productName = ShopHereTests;
			productReference = B696C29E2D04B5170065E82D /* ShopHereTests.xctest */;
			productType = "com.apple.product-type.bundle.unit-test";
		};
		B696C2A72D04B5180065E82D /* ShopHereUITests */ = {
			isa = PBXNativeTarget;
			buildConfigurationList = B696C2B82D04B5180065E82D /* Build configuration list for PBXNativeTarget "ShopHereUITests" */;
			buildPhases = (
				D8E0CCF8AFAAD57E15E7470A /* [CP] Check Pods Manifest.lock */,
				B696C2A42D04B5180065E82D /* Sources */,
				B696C2A52D04B5180065E82D /* Frameworks */,
				B696C2A62D04B5180065E82D /* Resources */,
				9541616AA50C615191B38220 /* [CP] Embed Pods Frameworks */,
			);
			buildRules = (
			);
			dependencies = (
				B696C2AA2D04B5180065E82D /* PBXTargetDependency */,
			);
			name = ShopHereUITests;
			productName = ShopHereUITests;
			productReference = B696C2A82D04B5180065E82D /* ShopHereUITests.xctest */;
			productType = "com.apple.product-type.bundle.ui-testing";
		};
/* End PBXNativeTarget section */

/* Begin PBXProject section */
		B696C2862D04B5110065E82D /* Project object */ = {
			isa = PBXProject;
			attributes = {
				BuildIndependentTargetsInParallel = 1;
				LastSwiftUpdateCheck = 1520;
				LastUpgradeCheck = 1520;
				TargetAttributes = {
					B696C28D2D04B5110065E82D = {
						CreatedOnToolsVersion = 15.2;
					};
					B696C29D2D04B5170065E82D = {
						CreatedOnToolsVersion = 15.2;
						TestTargetID = B696C28D2D04B5110065E82D;
					};
					B696C2A72D04B5180065E82D = {
						CreatedOnToolsVersion = 15.2;
						TestTargetID = B696C28D2D04B5110065E82D;
					};
				};
			};
			buildConfigurationList = B696C2892D04B5110065E82D /* Build configuration list for PBXProject "ShopHere" */;
			compatibilityVersion = "Xcode 14.0";
			developmentRegion = en;
			hasScannedForEncodings = 0;
			knownRegions = (
				en,
				Base,
			);
			mainGroup = B696C2852D04B5110065E82D;
			productRefGroup = B696C28F2D04B5110065E82D /* Products */;
			projectDirPath = "";
			projectRoot = "";
			targets = (
				B696C28D2D04B5110065E82D /* ShopHere */,
				B696C29D2D04B5170065E82D /* ShopHereTests */,
				B696C2A72D04B5180065E82D /* ShopHereUITests */,
			);
		};
/* End PBXProject section */

/* Begin PBXResourcesBuildPhase section */
		B696C28C2D04B5110065E82D /* Resources */ = {
			isa = PBXResourcesBuildPhase;
			buildActionMask = 2147483647;
			files = (
				B696C2992D04B5170065E82D /* Preview Assets.xcassets in Resources */,
				B696C2962D04B5170065E82D /* Assets.xcassets in Resources */,
			);
			runOnlyForDeploymentPostprocessing = 0;
		};
		B696C29C2D04B5170065E82D /* Resources */ = {
			isa = PBXResourcesBuildPhase;
			buildActionMask = 2147483647;
			files = (
			);
			runOnlyForDeploymentPostprocessing = 0;
		};
		B696C2A62D04B5180065E82D /* Resources */ = {
			isa = PBXResourcesBuildPhase;
			buildActionMask = 2147483647;
			files = (
			);
			runOnlyForDeploymentPostprocessing = 0;
		};
/* End PBXResourcesBuildPhase section */

/* Begin PBXShellScriptBuildPhase section */
		60E2A9D9FBBE82827ED7B269 /* [CP] Check Pods Manifest.lock */ = {
			isa = PBXShellScriptBuildPhase;
			buildActionMask = 2147483647;
			files = (
			);
			inputFileListPaths = (
			);
			inputPaths = (
				"${PODS_PODFILE_DIR_PATH}/Podfile.lock",
				"${PODS_ROOT}/Manifest.lock",
			);
			name = "[CP] Check Pods Manifest.lock";
			outputFileListPaths = (
			);
			outputPaths = (
				"$(DERIVED_FILE_DIR)/Pods-ShopHere-checkManifestLockResult.txt",
			);
			runOnlyForDeploymentPostprocessing = 0;
			shellPath = /bin/sh;
			shellScript = "diff \"${PODS_PODFILE_DIR_PATH}/Podfile.lock\" \"${PODS_ROOT}/Manifest.lock\" > /dev/null\nif [ $? != 0 ] ; then\n    # print error to STDERR\n    echo \"error: The sandbox is not in sync with the Podfile.lock. Run 'pod install' or update your CocoaPods installation.\" >&2\n    exit 1\nfi\n# This output is used by Xcode 'outputs' to avoid re-running this script phase.\necho \"SUCCESS\" > \"${SCRIPT_OUTPUT_FILE_0}\"\n";
			showEnvVarsInLog = 0;
		};
		9541616AA50C615191B38220 /* [CP] Embed Pods Frameworks */ = {
			isa = PBXShellScriptBuildPhase;
			buildActionMask = 2147483647;
			files = (
			);
			inputFileListPaths = (
				"${PODS_ROOT}/Target Support Files/Pods-ShopHere-ShopHereUITests/Pods-ShopHere-ShopHereUITests-frameworks-${CONFIGURATION}-input-files.xcfilelist",
			);
			name = "[CP] Embed Pods Frameworks";
			outputFileListPaths = (
				"${PODS_ROOT}/Target Support Files/Pods-ShopHere-ShopHereUITests/Pods-ShopHere-ShopHereUITests-frameworks-${CONFIGURATION}-output-files.xcfilelist",
			);
			runOnlyForDeploymentPostprocessing = 0;
			shellPath = /bin/sh;
			shellScript = "\"${PODS_ROOT}/Target Support Files/Pods-ShopHere-ShopHereUITests/Pods-ShopHere-ShopHereUITests-frameworks.sh\"\n";
			showEnvVarsInLog = 0;
		};
		A25227B6CEDE1CC3195F8826 /* [CP] Check Pods Manifest.lock */ = {
			isa = PBXShellScriptBuildPhase;
			buildActionMask = 2147483647;
			files = (
			);
			inputFileListPaths = (
			);
			inputPaths = (
				"${PODS_PODFILE_DIR_PATH}/Podfile.lock",
				"${PODS_ROOT}/Manifest.lock",
			);
			name = "[CP] Check Pods Manifest.lock";
			outputFileListPaths = (
			);
			outputPaths = (
				"$(DERIVED_FILE_DIR)/Pods-ShopHereTests-checkManifestLockResult.txt",
			);
			runOnlyForDeploymentPostprocessing = 0;
			shellPath = /bin/sh;
			shellScript = "diff \"${PODS_PODFILE_DIR_PATH}/Podfile.lock\" \"${PODS_ROOT}/Manifest.lock\" > /dev/null\nif [ $? != 0 ] ; then\n    # print error to STDERR\n    echo \"error: The sandbox is not in sync with the Podfile.lock. Run 'pod install' or update your CocoaPods installation.\" >&2\n    exit 1\nfi\n# This output is used by Xcode 'outputs' to avoid re-running this script phase.\necho \"SUCCESS\" > \"${SCRIPT_OUTPUT_FILE_0}\"\n";
			showEnvVarsInLog = 0;
		};
		D83F69F1A9F25648CDBAB4F8 /* [CP] Embed Pods Frameworks */ = {
			isa = PBXShellScriptBuildPhase;
			buildActionMask = 2147483647;
			files = (
			);
			inputFileListPaths = (
				"${PODS_ROOT}/Target Support Files/Pods-ShopHere/Pods-ShopHere-frameworks-${CONFIGURATION}-input-files.xcfilelist",
			);
			name = "[CP] Embed Pods Frameworks";
			outputFileListPaths = (
				"${PODS_ROOT}/Target Support Files/Pods-ShopHere/Pods-ShopHere-frameworks-${CONFIGURATION}-output-files.xcfilelist",
			);
			runOnlyForDeploymentPostprocessing = 0;
			shellPath = /bin/sh;
			shellScript = "\"${PODS_ROOT}/Target Support Files/Pods-ShopHere/Pods-ShopHere-frameworks.sh\"\n";
			showEnvVarsInLog = 0;
		};
		D8E0CCF8AFAAD57E15E7470A /* [CP] Check Pods Manifest.lock */ = {
			isa = PBXShellScriptBuildPhase;
			buildActionMask = 2147483647;
			files = (
			);
			inputFileListPaths = (
			);
			inputPaths = (
				"${PODS_PODFILE_DIR_PATH}/Podfile.lock",
				"${PODS_ROOT}/Manifest.lock",
			);
			name = "[CP] Check Pods Manifest.lock";
			outputFileListPaths = (
			);
			outputPaths = (
				"$(DERIVED_FILE_DIR)/Pods-ShopHere-ShopHereUITests-checkManifestLockResult.txt",
			);
			runOnlyForDeploymentPostprocessing = 0;
			shellPath = /bin/sh;
			shellScript = "diff \"${PODS_PODFILE_DIR_PATH}/Podfile.lock\" \"${PODS_ROOT}/Manifest.lock\" > /dev/null\nif [ $? != 0 ] ; then\n    # print error to STDERR\n    echo \"error: The sandbox is not in sync with the Podfile.lock. Run 'pod install' or update your CocoaPods installation.\" >&2\n    exit 1\nfi\n# This output is used by Xcode 'outputs' to avoid re-running this script phase.\necho \"SUCCESS\" > \"${SCRIPT_OUTPUT_FILE_0}\"\n";
			showEnvVarsInLog = 0;
		};
/* End PBXShellScriptBuildPhase section */

/* Begin PBXSourcesBuildPhase section */
		B696C28A2D04B5110065E82D /* Sources */ = {
			isa = PBXSourcesBuildPhase;
			buildActionMask = 2147483647;
			files = (
				B6DC65032D04D1BE00D2FFB4 /* AppAssembly.swift in Sources */,
				B6DC65072D04D24400D2FFB4 /* ApiService.swift in Sources */,
				B6DC650B2D04D33100D2FFB4 /* ProductListView.swift in Sources */,
				B6DC65092D04D2AE00D2FFB4 /* ProductsListViewModel.swift in Sources */,
				B6DC650D2D04D39C00D2FFB4 /* SearchBarView.swift in Sources */,
				B6DC65052D04D20E00D2FFB4 /* Product.swift in Sources */,
				B696C2942D04B5110065E82D /* ProductView.swift in Sources */,
				B696C2922D04B5110065E82D /* ShopHereApp.swift in Sources */,
				B6DC650F2D04D3E200D2FFB4 /* ProductDetailView.swift in Sources */,
			);
			runOnlyForDeploymentPostprocessing = 0;
		};
		B696C29A2D04B5170065E82D /* Sources */ = {
			isa = PBXSourcesBuildPhase;
			buildActionMask = 2147483647;
			files = (
				B696C2A32D04B5180065E82D /* ShopHereTests.swift in Sources */,
			);
			runOnlyForDeploymentPostprocessing = 0;
		};
		B696C2A42D04B5180065E82D /* Sources */ = {
			isa = PBXSourcesBuildPhase;
			buildActionMask = 2147483647;
			files = (
				B696C2AF2D04B5180065E82D /* ShopHereUITestsLaunchTests.swift in Sources */,
				B696C2AD2D04B5180065E82D /* ShopHereUITests.swift in Sources */,
			);
			runOnlyForDeploymentPostprocessing = 0;
		};
/* End PBXSourcesBuildPhase section */

/* Begin PBXTargetDependency section */
		B696C2A02D04B5170065E82D /* PBXTargetDependency */ = {
			isa = PBXTargetDependency;
			target = B696C28D2D04B5110065E82D /* ShopHere */;
			targetProxy = B696C29F2D04B5170065E82D /* PBXContainerItemProxy */;
		};
		B696C2AA2D04B5180065E82D /* PBXTargetDependency */ = {
			isa = PBXTargetDependency;
			target = B696C28D2D04B5110065E82D /* ShopHere */;
			targetProxy = B696C2A92D04B5180065E82D /* PBXContainerItemProxy */;
		};
/* End PBXTargetDependency section */

/* Begin XCBuildConfiguration section */
		B696C2B02D04B5180065E82D /* Debug */ = {
			isa = XCBuildConfiguration;
			buildSettings = {
				ALWAYS_SEARCH_USER_PATHS = NO;
				ASSETCATALOG_COMPILER_GENERATE_SWIFT_ASSET_SYMBOL_EXTENSIONS = YES;
				CLANG_ANALYZER_NONNULL = YES;
				CLANG_ANALYZER_NUMBER_OBJECT_CONVERSION = YES_AGGRESSIVE;
				CLANG_CXX_LANGUAGE_STANDARD = "gnu++20";
				CLANG_ENABLE_MODULES = YES;
				CLANG_ENABLE_OBJC_ARC = YES;
				CLANG_ENABLE_OBJC_WEAK = YES;
				CLANG_WARN_BLOCK_CAPTURE_AUTORELEASING = YES;
				CLANG_WARN_BOOL_CONVERSION = YES;
				CLANG_WARN_COMMA = YES;
				CLANG_WARN_CONSTANT_CONVERSION = YES;
				CLANG_WARN_DEPRECATED_OBJC_IMPLEMENTATIONS = YES;
				CLANG_WARN_DIRECT_OBJC_ISA_USAGE = YES_ERROR;
				CLANG_WARN_DOCUMENTATION_COMMENTS = YES;
				CLANG_WARN_EMPTY_BODY = YES;
				CLANG_WARN_ENUM_CONVERSION = YES;
				CLANG_WARN_INFINITE_RECURSION = YES;
				CLANG_WARN_INT_CONVERSION = YES;
				CLANG_WARN_NON_LITERAL_NULL_CONVERSION = YES;
				CLANG_WARN_OBJC_IMPLICIT_RETAIN_SELF = YES;
				CLANG_WARN_OBJC_LITERAL_CONVERSION = YES;
				CLANG_WARN_OBJC_ROOT_CLASS = YES_ERROR;
				CLANG_WARN_QUOTED_INCLUDE_IN_FRAMEWORK_HEADER = YES;
				CLANG_WARN_RANGE_LOOP_ANALYSIS = YES;
				CLANG_WARN_STRICT_PROTOTYPES = YES;
				CLANG_WARN_SUSPICIOUS_MOVE = YES;
				CLANG_WARN_UNGUARDED_AVAILABILITY = YES_AGGRESSIVE;
				CLANG_WARN_UNREACHABLE_CODE = YES;
				CLANG_WARN__DUPLICATE_METHOD_MATCH = YES;
				COPY_PHASE_STRIP = NO;
				DEBUG_INFORMATION_FORMAT = dwarf;
				ENABLE_STRICT_OBJC_MSGSEND = YES;
				ENABLE_TESTABILITY = YES;
				ENABLE_USER_SCRIPT_SANDBOXING = YES;
				GCC_C_LANGUAGE_STANDARD = gnu17;
				GCC_DYNAMIC_NO_PIC = NO;
				GCC_NO_COMMON_BLOCKS = YES;
				GCC_OPTIMIZATION_LEVEL = 0;
				GCC_PREPROCESSOR_DEFINITIONS = (
					"DEBUG=1",
					"$(inherited)",
				);
				GCC_WARN_64_TO_32_BIT_CONVERSION = YES;
				GCC_WARN_ABOUT_RETURN_TYPE = YES_ERROR;
				GCC_WARN_UNDECLARED_SELECTOR = YES;
				GCC_WARN_UNINITIALIZED_AUTOS = YES_AGGRESSIVE;
				GCC_WARN_UNUSED_FUNCTION = YES;
				GCC_WARN_UNUSED_VARIABLE = YES;
				IPHONEOS_DEPLOYMENT_TARGET = 17.2;
				LOCALIZATION_PREFERS_STRING_CATALOGS = YES;
				MTL_ENABLE_DEBUG_INFO = INCLUDE_SOURCE;
				MTL_FAST_MATH = YES;
				ONLY_ACTIVE_ARCH = YES;
				SDKROOT = iphoneos;
				SWIFT_ACTIVE_COMPILATION_CONDITIONS = "DEBUG $(inherited)";
				SWIFT_OPTIMIZATION_LEVEL = "-Onone";
			};
			name = Debug;
		};
		B696C2B12D04B5180065E82D /* Release */ = {
			isa = XCBuildConfiguration;
			buildSettings = {
				ALWAYS_SEARCH_USER_PATHS = NO;
				ASSETCATALOG_COMPILER_GENERATE_SWIFT_ASSET_SYMBOL_EXTENSIONS = YES;
				CLANG_ANALYZER_NONNULL = YES;
				CLANG_ANALYZER_NUMBER_OBJECT_CONVERSION = YES_AGGRESSIVE;
				CLANG_CXX_LANGUAGE_STANDARD = "gnu++20";
				CLANG_ENABLE_MODULES = YES;
				CLANG_ENABLE_OBJC_ARC = YES;
				CLANG_ENABLE_OBJC_WEAK = YES;
				CLANG_WARN_BLOCK_CAPTURE_AUTORELEASING = YES;
				CLANG_WARN_BOOL_CONVERSION = YES;
				CLANG_WARN_COMMA = YES;
				CLANG_WARN_CONSTANT_CONVERSION = YES;
				CLANG_WARN_DEPRECATED_OBJC_IMPLEMENTATIONS = YES;
				CLANG_WARN_DIRECT_OBJC_ISA_USAGE = YES_ERROR;
				CLANG_WARN_DOCUMENTATION_COMMENTS = YES;
				CLANG_WARN_EMPTY_BODY = YES;
				CLANG_WARN_ENUM_CONVERSION = YES;
				CLANG_WARN_INFINITE_RECURSION = YES;
				CLANG_WARN_INT_CONVERSION = YES;
				CLANG_WARN_NON_LITERAL_NULL_CONVERSION = YES;
				CLANG_WARN_OBJC_IMPLICIT_RETAIN_SELF = YES;
				CLANG_WARN_OBJC_LITERAL_CONVERSION = YES;
				CLANG_WARN_OBJC_ROOT_CLASS = YES_ERROR;
				CLANG_WARN_QUOTED_INCLUDE_IN_FRAMEWORK_HEADER = YES;
				CLANG_WARN_RANGE_LOOP_ANALYSIS = YES;
				CLANG_WARN_STRICT_PROTOTYPES = YES;
				CLANG_WARN_SUSPICIOUS_MOVE = YES;
				CLANG_WARN_UNGUARDED_AVAILABILITY = YES_AGGRESSIVE;
				CLANG_WARN_UNREACHABLE_CODE = YES;
				CLANG_WARN__DUPLICATE_METHOD_MATCH = YES;
				COPY_PHASE_STRIP = NO;
				DEBUG_INFORMATION_FORMAT = "dwarf-with-dsym";
				ENABLE_NS_ASSERTIONS = NO;
				ENABLE_STRICT_OBJC_MSGSEND = YES;
				ENABLE_USER_SCRIPT_SANDBOXING = YES;
				GCC_C_LANGUAGE_STANDARD = gnu17;
				GCC_NO_COMMON_BLOCKS = YES;
				GCC_WARN_64_TO_32_BIT_CONVERSION = YES;
				GCC_WARN_ABOUT_RETURN_TYPE = YES_ERROR;
				GCC_WARN_UNDECLARED_SELECTOR = YES;
				GCC_WARN_UNINITIALIZED_AUTOS = YES_AGGRESSIVE;
				GCC_WARN_UNUSED_FUNCTION = YES;
				GCC_WARN_UNUSED_VARIABLE = YES;
				IPHONEOS_DEPLOYMENT_TARGET = 17.2;
				LOCALIZATION_PREFERS_STRING_CATALOGS = YES;
				MTL_ENABLE_DEBUG_INFO = NO;
				MTL_FAST_MATH = YES;
				SDKROOT = iphoneos;
				SWIFT_COMPILATION_MODE = wholemodule;
				VALIDATE_PRODUCT = YES;
			};
			name = Release;
		};
		B696C2B32D04B5180065E82D /* Debug */ = {
			isa = XCBuildConfiguration;
			baseConfigurationReference = 62CB0A38C2D7133D42CAFD10 /* Pods-ShopHere.debug.xcconfig */;
			buildSettings = {
				ASSETCATALOG_COMPILER_APPICON_NAME = AppIcon;
				ASSETCATALOG_COMPILER_GLOBAL_ACCENT_COLOR_NAME = AccentColor;
				CODE_SIGN_STYLE = Automatic;
				CURRENT_PROJECT_VERSION = 1;
				DEVELOPMENT_ASSET_PATHS = "\"ShopHere/Preview Content\"";
				DEVELOPMENT_TEAM = M74ZCP24NH;
				ENABLE_PREVIEWS = YES;
				GENERATE_INFOPLIST_FILE = YES;
				INFOPLIST_KEY_UIApplicationSceneManifest_Generation = YES;
				INFOPLIST_KEY_UIApplicationSupportsIndirectInputEvents = YES;
				INFOPLIST_KEY_UILaunchScreen_Generation = YES;
				INFOPLIST_KEY_UISupportedInterfaceOrientations_iPad = "UIInterfaceOrientationPortrait UIInterfaceOrientationPortraitUpsideDown UIInterfaceOrientationLandscapeLeft UIInterfaceOrientationLandscapeRight";
				INFOPLIST_KEY_UISupportedInterfaceOrientations_iPhone = "UIInterfaceOrientationPortrait UIInterfaceOrientationLandscapeLeft UIInterfaceOrientationLandscapeRight";
				INFOPLIST_KEY_UIUserInterfaceStyle = Light;
				LD_RUNPATH_SEARCH_PATHS = (
					"$(inherited)",
					"@executable_path/Frameworks",
				);
				MARKETING_VERSION = 1.0;
				PRODUCT_BUNDLE_IDENTIFIER = com.munachimso.ShopHere;
				PRODUCT_NAME = "$(TARGET_NAME)";
				SWIFT_EMIT_LOC_STRINGS = YES;
				SWIFT_VERSION = 5.0;
				TARGETED_DEVICE_FAMILY = "1,2";
			};
			name = Debug;
		};
		B696C2B42D04B5180065E82D /* Release */ = {
			isa = XCBuildConfiguration;
			baseConfigurationReference = ADA13DDC6CCB026FCC5FE79C /* Pods-ShopHere.release.xcconfig */;
			buildSettings = {
				ASSETCATALOG_COMPILER_APPICON_NAME = AppIcon;
				ASSETCATALOG_COMPILER_GLOBAL_ACCENT_COLOR_NAME = AccentColor;
				CODE_SIGN_STYLE = Automatic;
				CURRENT_PROJECT_VERSION = 1;
				DEVELOPMENT_ASSET_PATHS = "\"ShopHere/Preview Content\"";
				DEVELOPMENT_TEAM = M74ZCP24NH;
				ENABLE_PREVIEWS = YES;
				GENERATE_INFOPLIST_FILE = YES;
				INFOPLIST_KEY_UIApplicationSceneManifest_Generation = YES;
				INFOPLIST_KEY_UIApplicationSupportsIndirectInputEvents = YES;
				INFOPLIST_KEY_UILaunchScreen_Generation = YES;
				INFOPLIST_KEY_UISupportedInterfaceOrientations_iPad = "UIInterfaceOrientationPortrait UIInterfaceOrientationPortraitUpsideDown UIInterfaceOrientationLandscapeLeft UIInterfaceOrientationLandscapeRight";
				INFOPLIST_KEY_UISupportedInterfaceOrientations_iPhone = "UIInterfaceOrientationPortrait UIInterfaceOrientationLandscapeLeft UIInterfaceOrientationLandscapeRight";
				INFOPLIST_KEY_UIUserInterfaceStyle = Light;
				LD_RUNPATH_SEARCH_PATHS = (
					"$(inherited)",
					"@executable_path/Frameworks",
				);
				MARKETING_VERSION = 1.0;
				PRODUCT_BUNDLE_IDENTIFIER = com.munachimso.ShopHere;
				PRODUCT_NAME = "$(TARGET_NAME)";
				SWIFT_EMIT_LOC_STRINGS = YES;
				SWIFT_VERSION = 5.0;
				TARGETED_DEVICE_FAMILY = "1,2";
			};
			name = Release;
		};
		B696C2B62D04B5180065E82D /* Debug */ = {
			isa = XCBuildConfiguration;
			baseConfigurationReference = 004F3CA70C246B196657FD12 /* Pods-ShopHereTests.debug.xcconfig */;
			buildSettings = {
				ALWAYS_EMBED_SWIFT_STANDARD_LIBRARIES = YES;
				BUNDLE_LOADER = "$(TEST_HOST)";
				CODE_SIGN_STYLE = Automatic;
				CURRENT_PROJECT_VERSION = 1;
				DEVELOPMENT_TEAM = M74ZCP24NH;
				GENERATE_INFOPLIST_FILE = YES;
				IPHONEOS_DEPLOYMENT_TARGET = 17.2;
				MARKETING_VERSION = 1.0;
				PRODUCT_BUNDLE_IDENTIFIER = com.munachimso.ShopHereTests;
				PRODUCT_NAME = "$(TARGET_NAME)";
				SWIFT_EMIT_LOC_STRINGS = NO;
				SWIFT_VERSION = 5.0;
				TARGETED_DEVICE_FAMILY = "1,2";
				TEST_HOST = "$(BUILT_PRODUCTS_DIR)/ShopHere.app/$(BUNDLE_EXECUTABLE_FOLDER_PATH)/ShopHere";
			};
			name = Debug;
		};
		B696C2B72D04B5180065E82D /* Release */ = {
			isa = XCBuildConfiguration;
			baseConfigurationReference = 1E097BBD32364D58DFE1ADA4 /* Pods-ShopHereTests.release.xcconfig */;
			buildSettings = {
				ALWAYS_EMBED_SWIFT_STANDARD_LIBRARIES = YES;
				BUNDLE_LOADER = "$(TEST_HOST)";
				CODE_SIGN_STYLE = Automatic;
				CURRENT_PROJECT_VERSION = 1;
				DEVELOPMENT_TEAM = M74ZCP24NH;
				GENERATE_INFOPLIST_FILE = YES;
				IPHONEOS_DEPLOYMENT_TARGET = 17.2;
				MARKETING_VERSION = 1.0;
				PRODUCT_BUNDLE_IDENTIFIER = com.munachimso.ShopHereTests;
				PRODUCT_NAME = "$(TARGET_NAME)";
				SWIFT_EMIT_LOC_STRINGS = NO;
				SWIFT_VERSION = 5.0;
				TARGETED_DEVICE_FAMILY = "1,2";
				TEST_HOST = "$(BUILT_PRODUCTS_DIR)/ShopHere.app/$(BUNDLE_EXECUTABLE_FOLDER_PATH)/ShopHere";
			};
			name = Release;
		};
		B696C2B92D04B5180065E82D /* Debug */ = {
			isa = XCBuildConfiguration;
			baseConfigurationReference = C58112A37ABD7EE38F0D18AF /* Pods-ShopHere-ShopHereUITests.debug.xcconfig */;
			buildSettings = {
				ALWAYS_EMBED_SWIFT_STANDARD_LIBRARIES = YES;
				CODE_SIGN_STYLE = Automatic;
				CURRENT_PROJECT_VERSION = 1;
				DEVELOPMENT_TEAM = M74ZCP24NH;
				GENERATE_INFOPLIST_FILE = YES;
				MARKETING_VERSION = 1.0;
				PRODUCT_BUNDLE_IDENTIFIER = com.munachimso.ShopHereUITests;
				PRODUCT_NAME = "$(TARGET_NAME)";
				SWIFT_EMIT_LOC_STRINGS = NO;
				SWIFT_VERSION = 5.0;
				TARGETED_DEVICE_FAMILY = "1,2";
				TEST_TARGET_NAME = ShopHere;
			};
			name = Debug;
		};
		B696C2BA2D04B5180065E82D /* Release */ = {
			isa = XCBuildConfiguration;
			baseConfigurationReference = 339608E8B73C6A93B859F15E /* Pods-ShopHere-ShopHereUITests.release.xcconfig */;
			buildSettings = {
				ALWAYS_EMBED_SWIFT_STANDARD_LIBRARIES = YES;
				CODE_SIGN_STYLE = Automatic;
				CURRENT_PROJECT_VERSION = 1;
				DEVELOPMENT_TEAM = M74ZCP24NH;
				GENERATE_INFOPLIST_FILE = YES;
				MARKETING_VERSION = 1.0;
				PRODUCT_BUNDLE_IDENTIFIER = com.munachimso.ShopHereUITests;
				PRODUCT_NAME = "$(TARGET_NAME)";
				SWIFT_EMIT_LOC_STRINGS = NO;
				SWIFT_VERSION = 5.0;
				TARGETED_DEVICE_FAMILY = "1,2";
				TEST_TARGET_NAME = ShopHere;
			};
			name = Release;
		};
/* End XCBuildConfiguration section */

/* Begin XCConfigurationList section */
		B696C2892D04B5110065E82D /* Build configuration list for PBXProject "ShopHere" */ = {
			isa = XCConfigurationList;
			buildConfigurations = (
				B696C2B02D04B5180065E82D /* Debug */,
				B696C2B12D04B5180065E82D /* Release */,
			);
			defaultConfigurationIsVisible = 0;
			defaultConfigurationName = Release;
		};
		B696C2B22D04B5180065E82D /* Build configuration list for PBXNativeTarget "ShopHere" */ = {
			isa = XCConfigurationList;
			buildConfigurations = (
				B696C2B32D04B5180065E82D /* Debug */,
				B696C2B42D04B5180065E82D /* Release */,
			);
			defaultConfigurationIsVisible = 0;
			defaultConfigurationName = Release;
		};
		B696C2B52D04B5180065E82D /* Build configuration list for PBXNativeTarget "ShopHereTests" */ = {
			isa = XCConfigurationList;
			buildConfigurations = (
				B696C2B62D04B5180065E82D /* Debug */,
				B696C2B72D04B5180065E82D /* Release */,
			);
			defaultConfigurationIsVisible = 0;
			defaultConfigurationName = Release;
		};
		B696C2B82D04B5180065E82D /* Build configuration list for PBXNativeTarget "ShopHereUITests" */ = {
			isa = XCConfigurationList;
			buildConfigurations = (
				B696C2B92D04B5180065E82D /* Debug */,
				B696C2BA2D04B5180065E82D /* Release */,
			);
			defaultConfigurationIsVisible = 0;
			defaultConfigurationName = Release;
		};
/* End XCConfigurationList section */
	};
	rootObject = B696C2862D04B5110065E82D /* Project object */;
}
